
Microsoft Visual Studio Solution File, Format Version 12.00
# Visual Studio Version 17
VisualStudioVersion = 17.1.31903.286
MinimumVisualStudioVersion = 10.0.40219.1
Project("{FAE04EC0-301F-11D3-BF4B-00C04F79EFBC}") = "WebApplication1", "WebApplication1\WebApplication1.csproj", "{20F46EF3-E517-49D1-A637-397F861FFE45}"
EndProject
Global
	GlobalSection(SolutionConfigurationPlatforms) = preSolution
		Debug|Any CPU = Debug|Any CPU
		Release|Any CPU = Release|Any CPU
	EndGlobalSection
	GlobalSection(ProjectConfigurationPlatforms) = postSolution
		{20F46EF3-E517-49D1-A637-397F861FFE45}.Debug|Any CPU.ActiveCfg = Debug|Any CPU
		{20F46EF3-E517-49D1-A637-397F861FFE45}.Debug|Any CPU.Build.0 = Debug|Any CPU
		{20F46EF3-E517-49D1-A637-397F861FFE45}.Release|Any CPU.ActiveCfg = Release|Any CPU
		{20F46EF3-E517-49D1-A637-397F861FFE45}.Release|Any CPU.Build.0 = Release|Any CPU
	EndGlobalSection
	GlobalSection(SolutionProperties) = preSolution
		HideSolutionNode = FALSE
	EndGlobalSection
	GlobalSection(ExtensibilityGlobals) = postSolution
		SolutionGuid = {13492B03-9942-446E-A1B0-1B564BFAEEF8}
	EndGlobalSection
EndGlobal
